
Microsoft Visual Studio Solution File, Format Version 12.00
# Visual Studio Version 17
VisualStudioVersion = 17.9.34728.123
MinimumVisualStudioVersion = 10.0.40219.1
Project("{FAE04EC0-301F-11D3-BF4B-00C04F79EFBC}") = "ShannonFanoAlgorithm", "ShannonFanoAlgorithm\ShannonFanoAlgorithm.csproj", "{01B0A753-AABD-423F-89DF-45FFBF1CDE99}"
EndProject
Project("{FAE04EC0-301F-11D3-BF4B-00C04F79EFBC}") = "ShannonFanoConsole", "ShannonFanoConsole\ShannonFanoConsole.csproj", "{F8AED86A-9281-43BF-B89F-01519B004579}"
EndProject
Global
	GlobalSection(SolutionConfigurationPlatforms) = preSolution
		Debug|Any CPU = Debug|Any CPU
		Release|Any CPU = Release|Any CPU
	EndGlobalSection
	GlobalSection(ProjectConfigurationPlatforms) = postSolution
		{01B0A753-AABD-423F-89DF-45FFBF1CDE99}.Debug|Any CPU.ActiveCfg = Debug|Any CPU
		{01B0A753-AABD-423F-89DF-45FFBF1CDE99}.Debug|Any CPU.Build.0 = Debug|Any CPU
		{01B0A753-AABD-423F-89DF-45FFBF1CDE99}.Release|Any CPU.ActiveCfg = Release|Any CPU
		{01B0A753-AABD-423F-89DF-45FFBF1CDE99}.Release|Any CPU.Build.0 = Release|Any CPU
		{F8AED86A-9281-43BF-B89F-01519B004579}.Debug|Any CPU.ActiveCfg = Debug|Any CPU
		{F8AED86A-9281-43BF-B89F-01519B004579}.Debug|Any CPU.Build.0 = Debug|Any CPU
		{F8AED86A-9281-43BF-B89F-01519B004579}.Release|Any CPU.ActiveCfg = Release|Any CPU
		{F8AED86A-9281-43BF-B89F-01519B004579}.Release|Any CPU.Build.0 = Release|Any CPU
	EndGlobalSection
	GlobalSection(SolutionProperties) = preSolution
		HideSolutionNode = FALSE
	EndGlobalSection
	GlobalSection(ExtensibilityGlobals) = postSolution
		SolutionGuid = {EF565E0C-7C4D-472E-BBA1-8EE131541E6E}
	EndGlobalSection
EndGlobal
